
Microsoft Visual Studio Solution File, Format Version 12.00
# Visual Studio Version 16
VisualStudioVersion = 16.0.810.16
MinimumVisualStudioVersion = 10.0.40219.1
Project("{FAE04EC0-301F-11D3-BF4B-00C04F79EFBC}") = "Entities", "Entities\Entities.csproj", "{5C628003-0950-487B-B455-E71D3BDB4145}"
EndProject
Project("{FAE04EC0-301F-11D3-BF4B-00C04F79EFBC}") = "Core", "Core\Core.csproj", "{BB8154BB-78E0-4DD0-B9B1-72F599B445C2}"
EndProject
Project("{FAE04EC0-301F-11D3-BF4B-00C04F79EFBC}") = "DataAccess", "DataAccess\DataAccess.csproj", "{EE3E8E58-CE61-4556-BE83-9D0D6D4733F3}"
EndProject
Project("{FAE04EC0-301F-11D3-BF4B-00C04F79EFBC}") = "Business", "Business\Business.csproj", "{32EBA3FC-BBA2-423F-8BDD-ADE13E0432EB}"
EndProject
Project("{FAE04EC0-301F-11D3-BF4B-00C04F79EFBC}") = "WebApi", "WebApi\WebApi.csproj", "{DD0EE134-BBB6-42FB-A470-88C5EB2F12E6}"
EndProject
Global
	GlobalSection(SolutionConfigurationPlatforms) = preSolution
		Debug|Any CPU = Debug|Any CPU
		Release|Any CPU = Release|Any CPU
	EndGlobalSection
	GlobalSection(ProjectConfigurationPlatforms) = postSolution
		{5C628003-0950-487B-B455-E71D3BDB4145}.Debug|Any CPU.ActiveCfg = Debug|Any CPU
		{5C628003-0950-487B-B455-E71D3BDB4145}.Debug|Any CPU.Build.0 = Debug|Any CPU
		{5C628003-0950-487B-B455-E71D3BDB4145}.Release|Any CPU.ActiveCfg = Release|Any CPU
		{5C628003-0950-487B-B455-E71D3BDB4145}.Release|Any CPU.Build.0 = Release|Any CPU
		{BB8154BB-78E0-4DD0-B9B1-72F599B445C2}.Debug|Any CPU.ActiveCfg = Debug|Any CPU
		{BB8154BB-78E0-4DD0-B9B1-72F599B445C2}.Debug|Any CPU.Build.0 = Debug|Any CPU
		{BB8154BB-78E0-4DD0-B9B1-72F599B445C2}.Release|Any CPU.ActiveCfg = Release|Any CPU
		{BB8154BB-78E0-4DD0-B9B1-72F599B445C2}.Release|Any CPU.Build.0 = Release|Any CPU
		{EE3E8E58-CE61-4556-BE83-9D0D6D4733F3}.Debug|Any CPU.ActiveCfg = Debug|Any CPU
		{EE3E8E58-CE61-4556-BE83-9D0D6D4733F3}.Debug|Any CPU.Build.0 = Debug|Any CPU
		{EE3E8E58-CE61-4556-BE83-9D0D6D4733F3}.Release|Any CPU.ActiveCfg = Release|Any CPU
		{EE3E8E58-CE61-4556-BE83-9D0D6D4733F3}.Release|Any CPU.Build.0 = Release|Any CPU
		{32EBA3FC-BBA2-423F-8BDD-ADE13E0432EB}.Debug|Any CPU.ActiveCfg = Debug|Any CPU
		{32EBA3FC-BBA2-423F-8BDD-ADE13E0432EB}.Debug|Any CPU.Build.0 = Debug|Any CPU
		{32EBA3FC-BBA2-423F-8BDD-ADE13E0432EB}.Release|Any CPU.ActiveCfg = Release|Any CPU
		{32EBA3FC-BBA2-423F-8BDD-ADE13E0432EB}.Release|Any CPU.Build.0 = Release|Any CPU
		{DD0EE134-BBB6-42FB-A470-88C5EB2F12E6}.Debug|Any CPU.ActiveCfg = Debug|Any CPU
		{DD0EE134-BBB6-42FB-A470-88C5EB2F12E6}.Debug|Any CPU.Build.0 = Debug|Any CPU
		{DD0EE134-BBB6-42FB-A470-88C5EB2F12E6}.Release|Any CPU.ActiveCfg = Release|Any CPU
		{DD0EE134-BBB6-42FB-A470-88C5EB2F12E6}.Release|Any CPU.Build.0 = Release|Any CPU
	EndGlobalSection
	GlobalSection(SolutionProperties) = preSolution
		HideSolutionNode = FALSE
	EndGlobalSection
	GlobalSection(ExtensibilityGlobals) = postSolution
		SolutionGuid = {12E568C7-8770-491F-B92B-C46F40D475C4}
	EndGlobalSection
EndGlobal
